
Microsoft Visual Studio Solution File, Format Version 12.00
# Visual Studio Version 16
VisualStudioVersion = 16.0.31729.503
MinimumVisualStudioVersion = 10.0.40219.1
Project("{FAE04EC0-301F-11D3-BF4B-00C04F79EFBC}") = "BST_UC3", "BST_UC3\BST_UC3.csproj", "{30C5F1A5-D98E-4532-B8E2-D1E593AE7DBA}"
EndProject
Global
	GlobalSection(SolutionConfigurationPlatforms) = preSolution
		Debug|Any CPU = Debug|Any CPU
		Release|Any CPU = Release|Any CPU
	EndGlobalSection
	GlobalSection(ProjectConfigurationPlatforms) = postSolution
		{30C5F1A5-D98E-4532-B8E2-D1E593AE7DBA}.Debug|Any CPU.ActiveCfg = Debug|Any CPU
		{30C5F1A5-D98E-4532-B8E2-D1E593AE7DBA}.Debug|Any CPU.Build.0 = Debug|Any CPU
		{30C5F1A5-D98E-4532-B8E2-D1E593AE7DBA}.Release|Any CPU.ActiveCfg = Release|Any CPU
		{30C5F1A5-D98E-4532-B8E2-D1E593AE7DBA}.Release|Any CPU.Build.0 = Release|Any CPU
	EndGlobalSection
	GlobalSection(SolutionProperties) = preSolution
		HideSolutionNode = FALSE
	EndGlobalSection
	GlobalSection(ExtensibilityGlobals) = postSolution
		SolutionGuid = {76966085-1B71-45ED-8502-FF085C3F62EA}
	EndGlobalSection
EndGlobal
